
Microsoft Visual Studio Solution File, Format Version 12.00
# Visual Studio Version 17
VisualStudioVersion = 17.14.36401.2 d17.14
MinimumVisualStudioVersion = 10.0.40219.1
Project("{FAE04EC0-301F-11D3-BF4B-00C04F79EFBC}") = "EjemploGitClaseApoyo1.Consola", "EjemploGitClaseApoyo1.Consola\EjemploGitClaseApoyo1.Consola.csproj", "{2397409B-B7A0-4A33-8EF0-C57573AD08F8}"
EndProject
Global
	GlobalSection(SolutionConfigurationPlatforms) = preSolution
		Debug|Any CPU = Debug|Any CPU
		Release|Any CPU = Release|Any CPU
	EndGlobalSection
	GlobalSection(ProjectConfigurationPlatforms) = postSolution
		{2397409B-B7A0-4A33-8EF0-C57573AD08F8}.Debug|Any CPU.ActiveCfg = Debug|Any CPU
		{2397409B-B7A0-4A33-8EF0-C57573AD08F8}.Debug|Any CPU.Build.0 = Debug|Any CPU
		{2397409B-B7A0-4A33-8EF0-C57573AD08F8}.Release|Any CPU.ActiveCfg = Release|Any CPU
		{2397409B-B7A0-4A33-8EF0-C57573AD08F8}.Release|Any CPU.Build.0 = Release|Any CPU
	EndGlobalSection
	GlobalSection(SolutionProperties) = preSolution
		HideSolutionNode = FALSE
	EndGlobalSection
	GlobalSection(ExtensibilityGlobals) = postSolution
		SolutionGuid = {1155E59D-3CF7-4A25-B316-C97C8F9AD7BB}
	EndGlobalSection
EndGlobal
